
Microsoft Visual Studio Solution File, Format Version 12.00
# Visual Studio Version 16
VisualStudioVersion = 16.0.30717.126
MinimumVisualStudioVersion = 15.0.26124.0
Project("{2150E333-8FDC-42A3-9474-1A3956D46DE8}") = "WPF", "WPF", "{513EDB57-D0CA-48C9-B5DA-55F1E3C2231D}"
EndProject
Project("{2150E333-8FDC-42A3-9474-1A3956D46DE8}") = "WPF-0", "WPF-0", "{FF370695-FF3F-4B4C-BD78-CBB97D38AE41}"
EndProject
Project("{2150E333-8FDC-42A3-9474-1A3956D46DE8}") = "WPF-1", "WPF-1", "{0104871A-F955-49DC-98F4-9FA4FD278D26}"
EndProject
Project("{FAE04EC0-301F-11D3-BF4B-00C04F79EFBC}") = "WPF-0", "WPF\WPF-0\WPF-0.csproj", "{FE690A88-8BDA-4CE2-873B-1492F889ED33}"
EndProject
Project("{FAE04EC0-301F-11D3-BF4B-00C04F79EFBC}") = "WPF-1", "WPF\WPF-1\WPF-1.csproj", "{AD8F80DB-54C4-4560-AC6D-64124575D5AC}"
EndProject
Project("{2150E333-8FDC-42A3-9474-1A3956D46DE8}") = "WPF-2", "WPF-2", "{3512A936-F4F2-4137-92F1-040C78AF2435}"
EndProject
Project("{FAE04EC0-301F-11D3-BF4B-00C04F79EFBC}") = "WPF-2", "WPF\WPF-2\WPF-2.csproj", "{AB0914BC-A2FC-401E-BE5D-DE9E9E134BCA}"
EndProject
Project("{2150E333-8FDC-42A3-9474-1A3956D46DE8}") = "DLL", "DLL", "{58DA8D9A-662E-4037-BE4F-68AB88A5241E}"
EndProject
Project("{2150E333-8FDC-42A3-9474-1A3956D46DE8}") = "DLL-0", "DLL-0", "{D3DBAEA1-385E-43B6-81C4-BCA7159FA785}"
EndProject
Project("{2150E333-8FDC-42A3-9474-1A3956D46DE8}") = "WorldSkills", "WorldSkills", "{DED5A5EE-ECCA-4068-823A-3D37130F8604}"
EndProject
Project("{FAE04EC0-301F-11D3-BF4B-00C04F79EFBC}") = "VIN_LIB", "DLL\WorldSkills\VIN_LIB\VIN_LIB.csproj", "{164B6CE5-BFB3-4F13-BB66-ABCAE9FDBECD}"
EndProject
Project("{2150E333-8FDC-42A3-9474-1A3956D46DE8}") = "VIN_LIB", "VIN_LIB", "{4940401E-0D7E-4CAE-A706-CA7393965655}"
EndProject
Project("{2150E333-8FDC-42A3-9474-1A3956D46DE8}") = "REG_MARK_LIB", "REG_MARK_LIB", "{B9022957-B205-43FD-9CE5-037283480ECB}"
EndProject
Project("{FAE04EC0-301F-11D3-BF4B-00C04F79EFBC}") = "REG_MARK_LIB", "DLL\WorldSkills\REG_MARK_LIB\REG_MARK_LIB.csproj", "{14F089B8-C498-4651-9893-65168EDCA1C1}"
EndProject
Project("{2150E333-8FDC-42A3-9474-1A3956D46DE8}") = "Learn", "Learn", "{DBC619DE-76F1-46BC-8D0A-8D78A26775A5}"
EndProject
Project("{FAE04EC0-301F-11D3-BF4B-00C04F79EFBC}") = "DLL-0", "DLL\Learn\DLL-0\DLL-0.csproj", "{261B90A5-27C2-4943-A89C-1553A30E2030}"
EndProject
Project("{2150E333-8FDC-42A3-9474-1A3956D46DE8}") = "ConsoleApp", "ConsoleApp", "{6CB2E3ED-7B2C-4C4E-843B-7A9E349D978C}"
EndProject
Project("{2150E333-8FDC-42A3-9474-1A3956D46DE8}") = "APP-0", "APP-0", "{CDB7217D-C1AC-49B6-96F9-0B139DE9DE95}"
EndProject
Project("{FAE04EC0-301F-11D3-BF4B-00C04F79EFBC}") = "APP-0", "ConsoleApp\APP-0\APP-0\APP-0.csproj", "{0E3722C0-A88F-443D-9154-C52D9CA68E16}"
EndProject
Project("{2150E333-8FDC-42A3-9474-1A3956D46DE8}") = "WPF-XAML", "WPF-XAML", "{752D2AB4-3757-4204-9D26-DD000CAB277F}"
EndProject
Project("{2150E333-8FDC-42A3-9474-1A3956D46DE8}") = "XAML-1", "XAML-1", "{6049FCF7-050E-46CA-B30F-C3CE91DF313C}"
EndProject
Project("{FAE04EC0-301F-11D3-BF4B-00C04F79EFBC}") = "XAML-1", "WPF-XAML\XAML-1\XAML-1\XAML-1.csproj", "{DE26BE44-1911-44E4-B333-303CD1CD26C3}"
EndProject
Project("{2150E333-8FDC-42A3-9474-1A3956D46DE8}") = "XAML-2", "XAML-2", "{CD443B58-62B8-49A7-A4BD-0680784DAFE6}"
EndProject
Project("{FAE04EC0-301F-11D3-BF4B-00C04F79EFBC}") = "XAML-2", "WPF-XAML\XAML-2\XAML-2\XAML-2.csproj", "{1E7F8A9F-6269-4412-8EC1-1034E69DD38D}"
EndProject
Global
	GlobalSection(SolutionConfigurationPlatforms) = preSolution
		Debug|Any CPU = Debug|Any CPU
		Release|Any CPU = Release|Any CPU
	EndGlobalSection
	GlobalSection(ProjectConfigurationPlatforms) = postSolution
		{FE690A88-8BDA-4CE2-873B-1492F889ED33}.Debug|Any CPU.ActiveCfg = Debug|Any CPU
		{FE690A88-8BDA-4CE2-873B-1492F889ED33}.Debug|Any CPU.Build.0 = Debug|Any CPU
		{FE690A88-8BDA-4CE2-873B-1492F889ED33}.Release|Any CPU.ActiveCfg = Release|Any CPU
		{FE690A88-8BDA-4CE2-873B-1492F889ED33}.Release|Any CPU.Build.0 = Release|Any CPU
		{AD8F80DB-54C4-4560-AC6D-64124575D5AC}.Debug|Any CPU.ActiveCfg = Debug|Any CPU
		{AD8F80DB-54C4-4560-AC6D-64124575D5AC}.Debug|Any CPU.Build.0 = Debug|Any CPU
		{AD8F80DB-54C4-4560-AC6D-64124575D5AC}.Release|Any CPU.ActiveCfg = Release|Any CPU
		{AD8F80DB-54C4-4560-AC6D-64124575D5AC}.Release|Any CPU.Build.0 = Release|Any CPU
		{AB0914BC-A2FC-401E-BE5D-DE9E9E134BCA}.Debug|Any CPU.ActiveCfg = Debug|Any CPU
		{AB0914BC-A2FC-401E-BE5D-DE9E9E134BCA}.Debug|Any CPU.Build.0 = Debug|Any CPU
		{AB0914BC-A2FC-401E-BE5D-DE9E9E134BCA}.Release|Any CPU.ActiveCfg = Release|Any CPU
		{AB0914BC-A2FC-401E-BE5D-DE9E9E134BCA}.Release|Any CPU.Build.0 = Release|Any CPU
		{164B6CE5-BFB3-4F13-BB66-ABCAE9FDBECD}.Debug|Any CPU.ActiveCfg = Debug|Any CPU
		{164B6CE5-BFB3-4F13-BB66-ABCAE9FDBECD}.Debug|Any CPU.Build.0 = Debug|Any CPU
		{164B6CE5-BFB3-4F13-BB66-ABCAE9FDBECD}.Release|Any CPU.ActiveCfg = Release|Any CPU
		{164B6CE5-BFB3-4F13-BB66-ABCAE9FDBECD}.Release|Any CPU.Build.0 = Release|Any CPU
		{14F089B8-C498-4651-9893-65168EDCA1C1}.Debug|Any CPU.ActiveCfg = Debug|Any CPU
		{14F089B8-C498-4651-9893-65168EDCA1C1}.Debug|Any CPU.Build.0 = Debug|Any CPU
		{14F089B8-C498-4651-9893-65168EDCA1C1}.Release|Any CPU.ActiveCfg = Release|Any CPU
		{14F089B8-C498-4651-9893-65168EDCA1C1}.Release|Any CPU.Build.0 = Release|Any CPU
		{261B90A5-27C2-4943-A89C-1553A30E2030}.Debug|Any CPU.ActiveCfg = Debug|Any CPU
		{261B90A5-27C2-4943-A89C-1553A30E2030}.Debug|Any CPU.Build.0 = Debug|Any CPU
		{261B90A5-27C2-4943-A89C-1553A30E2030}.Release|Any CPU.ActiveCfg = Release|Any CPU
		{261B90A5-27C2-4943-A89C-1553A30E2030}.Release|Any CPU.Build.0 = Release|Any CPU
		{0E3722C0-A88F-443D-9154-C52D9CA68E16}.Debug|Any CPU.ActiveCfg = Debug|Any CPU
		{0E3722C0-A88F-443D-9154-C52D9CA68E16}.Debug|Any CPU.Build.0 = Debug|Any CPU
		{0E3722C0-A88F-443D-9154-C52D9CA68E16}.Release|Any CPU.ActiveCfg = Release|Any CPU
		{0E3722C0-A88F-443D-9154-C52D9CA68E16}.Release|Any CPU.Build.0 = Release|Any CPU
		{DE26BE44-1911-44E4-B333-303CD1CD26C3}.Debug|Any CPU.ActiveCfg = Debug|Any CPU
		{DE26BE44-1911-44E4-B333-303CD1CD26C3}.Debug|Any CPU.Build.0 = Debug|Any CPU
		{DE26BE44-1911-44E4-B333-303CD1CD26C3}.Release|Any CPU.ActiveCfg = Release|Any CPU
		{DE26BE44-1911-44E4-B333-303CD1CD26C3}.Release|Any CPU.Build.0 = Release|Any CPU
		{1E7F8A9F-6269-4412-8EC1-1034E69DD38D}.Debug|Any CPU.ActiveCfg = Debug|Any CPU
		{1E7F8A9F-6269-4412-8EC1-1034E69DD38D}.Debug|Any CPU.Build.0 = Debug|Any CPU
		{1E7F8A9F-6269-4412-8EC1-1034E69DD38D}.Release|Any CPU.ActiveCfg = Release|Any CPU
		{1E7F8A9F-6269-4412-8EC1-1034E69DD38D}.Release|Any CPU.Build.0 = Release|Any CPU
	EndGlobalSection
	GlobalSection(SolutionProperties) = preSolution
		HideSolutionNode = FALSE
	EndGlobalSection
	GlobalSection(NestedProjects) = preSolution
		{FF370695-FF3F-4B4C-BD78-CBB97D38AE41} = {513EDB57-D0CA-48C9-B5DA-55F1E3C2231D}
		{0104871A-F955-49DC-98F4-9FA4FD278D26} = {513EDB57-D0CA-48C9-B5DA-55F1E3C2231D}
		{FE690A88-8BDA-4CE2-873B-1492F889ED33} = {FF370695-FF3F-4B4C-BD78-CBB97D38AE41}
		{AD8F80DB-54C4-4560-AC6D-64124575D5AC} = {0104871A-F955-49DC-98F4-9FA4FD278D26}
		{3512A936-F4F2-4137-92F1-040C78AF2435} = {513EDB57-D0CA-48C9-B5DA-55F1E3C2231D}
		{AB0914BC-A2FC-401E-BE5D-DE9E9E134BCA} = {3512A936-F4F2-4137-92F1-040C78AF2435}
		{D3DBAEA1-385E-43B6-81C4-BCA7159FA785} = {DBC619DE-76F1-46BC-8D0A-8D78A26775A5}
		{DED5A5EE-ECCA-4068-823A-3D37130F8604} = {58DA8D9A-662E-4037-BE4F-68AB88A5241E}
		{164B6CE5-BFB3-4F13-BB66-ABCAE9FDBECD} = {4940401E-0D7E-4CAE-A706-CA7393965655}
		{4940401E-0D7E-4CAE-A706-CA7393965655} = {DED5A5EE-ECCA-4068-823A-3D37130F8604}
		{B9022957-B205-43FD-9CE5-037283480ECB} = {DED5A5EE-ECCA-4068-823A-3D37130F8604}
		{14F089B8-C498-4651-9893-65168EDCA1C1} = {B9022957-B205-43FD-9CE5-037283480ECB}
		{DBC619DE-76F1-46BC-8D0A-8D78A26775A5} = {58DA8D9A-662E-4037-BE4F-68AB88A5241E}
		{261B90A5-27C2-4943-A89C-1553A30E2030} = {D3DBAEA1-385E-43B6-81C4-BCA7159FA785}
		{CDB7217D-C1AC-49B6-96F9-0B139DE9DE95} = {6CB2E3ED-7B2C-4C4E-843B-7A9E349D978C}
		{0E3722C0-A88F-443D-9154-C52D9CA68E16} = {CDB7217D-C1AC-49B6-96F9-0B139DE9DE95}
		{6049FCF7-050E-46CA-B30F-C3CE91DF313C} = {752D2AB4-3757-4204-9D26-DD000CAB277F}
		{DE26BE44-1911-44E4-B333-303CD1CD26C3} = {6049FCF7-050E-46CA-B30F-C3CE91DF313C}
		{CD443B58-62B8-49A7-A4BD-0680784DAFE6} = {752D2AB4-3757-4204-9D26-DD000CAB277F}
		{1E7F8A9F-6269-4412-8EC1-1034E69DD38D} = {CD443B58-62B8-49A7-A4BD-0680784DAFE6}
	EndGlobalSection
	GlobalSection(ExtensibilityGlobals) = postSolution
		SolutionGuid = {15F52B71-F9F3-452E-B1C2-7FDE560E85CB}
	EndGlobalSection
EndGlobal
